
Microsoft Visual Studio Solution File, Format Version 12.00
# Visual Studio Version 16
VisualStudioVersion = 16.0.29613.14
MinimumVisualStudioVersion = 10.0.40219.1
Project("{FAE04EC0-301F-11D3-BF4B-00C04F79EFBC}") = "EmloyeeManagement.WinformsUi", "EmloyeeManagement.WinformsUi\EmloyeeManagement.WinformsUi.csproj", "{34F86ECE-679A-41F8-8292-2AE19805B5DC}"
EndProject
Project("{FAE04EC0-301F-11D3-BF4B-00C04F79EFBC}") = "EmloyeeManagement.Core", "EmloyeeManagement.Core\EmloyeeManagement.Core.csproj", "{86E62A3E-5A0E-460D-9EC4-81752BA132FE}"
EndProject
Project("{FAE04EC0-301F-11D3-BF4B-00C04F79EFBC}") = "EmloyeeManagement.Business", "EmloyeeManagement.Business\EmloyeeManagement.Business.csproj", "{B3BD9EAF-39B5-452B-9701-DFBD21287EFF}"
EndProject
Project("{FAE04EC0-301F-11D3-BF4B-00C04F79EFBC}") = "EmloyeeManagement.Entities", "EmloyeeManagement.Entities\EmloyeeManagement.Entities.csproj", "{167B72A2-9FCA-4C0F-BDC8-E534E52E5912}"
EndProject
Project("{FAE04EC0-301F-11D3-BF4B-00C04F79EFBC}") = "EmloyeeManagement.Business.Tests", "EmloyeeManagement.Business.Tests\EmloyeeManagement.Business.Tests.csproj", "{A223BE4D-B862-45DE-9388-32C432DB5D09}"
EndProject
Global
	GlobalSection(SolutionConfigurationPlatforms) = preSolution
		Debug|Any CPU = Debug|Any CPU
		Release|Any CPU = Release|Any CPU
	EndGlobalSection
	GlobalSection(ProjectConfigurationPlatforms) = postSolution
		{34F86ECE-679A-41F8-8292-2AE19805B5DC}.Debug|Any CPU.ActiveCfg = Debug|Any CPU
		{34F86ECE-679A-41F8-8292-2AE19805B5DC}.Debug|Any CPU.Build.0 = Debug|Any CPU
		{34F86ECE-679A-41F8-8292-2AE19805B5DC}.Release|Any CPU.ActiveCfg = Release|Any CPU
		{34F86ECE-679A-41F8-8292-2AE19805B5DC}.Release|Any CPU.Build.0 = Release|Any CPU
		{86E62A3E-5A0E-460D-9EC4-81752BA132FE}.Debug|Any CPU.ActiveCfg = Debug|Any CPU
		{86E62A3E-5A0E-460D-9EC4-81752BA132FE}.Debug|Any CPU.Build.0 = Debug|Any CPU
		{86E62A3E-5A0E-460D-9EC4-81752BA132FE}.Release|Any CPU.ActiveCfg = Release|Any CPU
		{86E62A3E-5A0E-460D-9EC4-81752BA132FE}.Release|Any CPU.Build.0 = Release|Any CPU
		{B3BD9EAF-39B5-452B-9701-DFBD21287EFF}.Debug|Any CPU.ActiveCfg = Debug|Any CPU
		{B3BD9EAF-39B5-452B-9701-DFBD21287EFF}.Debug|Any CPU.Build.0 = Debug|Any CPU
		{B3BD9EAF-39B5-452B-9701-DFBD21287EFF}.Release|Any CPU.ActiveCfg = Release|Any CPU
		{B3BD9EAF-39B5-452B-9701-DFBD21287EFF}.Release|Any CPU.Build.0 = Release|Any CPU
		{167B72A2-9FCA-4C0F-BDC8-E534E52E5912}.Debug|Any CPU.ActiveCfg = Debug|Any CPU
		{167B72A2-9FCA-4C0F-BDC8-E534E52E5912}.Debug|Any CPU.Build.0 = Debug|Any CPU
		{167B72A2-9FCA-4C0F-BDC8-E534E52E5912}.Release|Any CPU.ActiveCfg = Release|Any CPU
		{167B72A2-9FCA-4C0F-BDC8-E534E52E5912}.Release|Any CPU.Build.0 = Release|Any CPU
		{A223BE4D-B862-45DE-9388-32C432DB5D09}.Debug|Any CPU.ActiveCfg = Debug|Any CPU
		{A223BE4D-B862-45DE-9388-32C432DB5D09}.Debug|Any CPU.Build.0 = Debug|Any CPU
		{A223BE4D-B862-45DE-9388-32C432DB5D09}.Release|Any CPU.ActiveCfg = Release|Any CPU
		{A223BE4D-B862-45DE-9388-32C432DB5D09}.Release|Any CPU.Build.0 = Release|Any CPU
	EndGlobalSection
	GlobalSection(SolutionProperties) = preSolution
		HideSolutionNode = FALSE
	EndGlobalSection
	GlobalSection(ExtensibilityGlobals) = postSolution
		SolutionGuid = {72C13C56-0566-4C5E-9149-8ECFFE6AAE5F}
	EndGlobalSection
EndGlobal
